
Microsoft Visual Studio Solution File, Format Version 12.00
# Visual Studio 15
VisualStudioVersion = 15.0.28307.960
MinimumVisualStudioVersion = 10.0.40219.1
Project("{FAE04EC0-301F-11D3-BF4B-00C04F79EFBC}") = "VM_Kurs", "VM_Kurs\VM_Kurs.csproj", "{17973C05-06E3-4FFD-834E-3A1CFF841EC3}"
EndProject
Global
	GlobalSection(SolutionConfigurationPlatforms) = preSolution
		Debug|Any CPU = Debug|Any CPU
		Release|Any CPU = Release|Any CPU
	EndGlobalSection
	GlobalSection(ProjectConfigurationPlatforms) = postSolution
		{17973C05-06E3-4FFD-834E-3A1CFF841EC3}.Debug|Any CPU.ActiveCfg = Debug|Any CPU
		{17973C05-06E3-4FFD-834E-3A1CFF841EC3}.Debug|Any CPU.Build.0 = Debug|Any CPU
		{17973C05-06E3-4FFD-834E-3A1CFF841EC3}.Release|Any CPU.ActiveCfg = Release|Any CPU
		{17973C05-06E3-4FFD-834E-3A1CFF841EC3}.Release|Any CPU.Build.0 = Release|Any CPU
	EndGlobalSection
	GlobalSection(SolutionProperties) = preSolution
		HideSolutionNode = FALSE
	EndGlobalSection
	GlobalSection(ExtensibilityGlobals) = postSolution
		SolutionGuid = {931AFF82-1E25-44F1-A356-24CBD3E9E18D}
	EndGlobalSection
EndGlobal
